
Microsoft Visual Studio Solution File, Format Version 12.00
# Visual Studio Version 17
VisualStudioVersion = 17.12.35527.113 d17.12
MinimumVisualStudioVersion = 10.0.40219.1
Project("{FAE04EC0-301F-11D3-BF4B-00C04F79EFBC}") = "PRN232.Lab1.CoffeeStore.API", "PRN232.Lab1.CoffeeStore.API\PRN232.Lab1.CoffeeStore.API.csproj", "{8EC8773D-6D21-4687-9F85-F10C4A9C5250}"
EndProject
Project("{FAE04EC0-301F-11D3-BF4B-00C04F79EFBC}") = "PRN232.Lab1.CoffeeStore.Data", "PRN232.Lab1.CoffeeStore.Data\PRN232.Lab1.CoffeeStore.Data.csproj", "{5E95A960-3A6F-420C-9761-197B87CC9DD0}"
EndProject
Global
	GlobalSection(SolutionConfigurationPlatforms) = preSolution
		Debug|Any CPU = Debug|Any CPU
		Release|Any CPU = Release|Any CPU
	EndGlobalSection
	GlobalSection(ProjectConfigurationPlatforms) = postSolution
		{8EC8773D-6D21-4687-9F85-F10C4A9C5250}.Debug|Any CPU.ActiveCfg = Debug|Any CPU
		{8EC8773D-6D21-4687-9F85-F10C4A9C5250}.Debug|Any CPU.Build.0 = Debug|Any CPU
		{8EC8773D-6D21-4687-9F85-F10C4A9C5250}.Release|Any CPU.ActiveCfg = Release|Any CPU
		{8EC8773D-6D21-4687-9F85-F10C4A9C5250}.Release|Any CPU.Build.0 = Release|Any CPU
		{5E95A960-3A6F-420C-9761-197B87CC9DD0}.Debug|Any CPU.ActiveCfg = Debug|Any CPU
		{5E95A960-3A6F-420C-9761-197B87CC9DD0}.Debug|Any CPU.Build.0 = Debug|Any CPU
		{5E95A960-3A6F-420C-9761-197B87CC9DD0}.Release|Any CPU.ActiveCfg = Release|Any CPU
		{5E95A960-3A6F-420C-9761-197B87CC9DD0}.Release|Any CPU.Build.0 = Release|Any CPU
	EndGlobalSection
	GlobalSection(SolutionProperties) = preSolution
		HideSolutionNode = FALSE
	EndGlobalSection
EndGlobal
